Microsoft Visual Studio Solution File, Format Version 12.00
# Visual Studio 2013
VisualStudioVersion = 12.0.31101.0
MinimumVisualStudioVersion = 10.0.40219.1
Project("{8BC9CEB8-8B4A-11D0-8D11-00A0C91BC942}") = "idLib", "idlib.vcxproj", "{49BEC5C6-B964-417A-851E-808886B57400}"
EndProject
Project("{8BC9CEB8-8B4A-11D0-8D11-00A0C91BC942}") = "Doom3BFG", "doomexe.vcxproj", "{49BEC5C6-B964-417A-851E-808886B57420}"
	ProjectSection(ProjectDependencies) = postProject
		{0BC6FCC9-C65E-4B1F-9A58-0B9399987C9F} = {0BC6FCC9-C65E-4B1F-9A58-0B9399987C9F}
	EndProjectSection
EndProject
Project("{8BC9CEB8-8B4A-11D0-8D11-00A0C91BC942}") = "Game-d3xp", "game-d3xp.vcxproj", "{0BC6FCC9-C65E-4B1F-9A58-0B9399987C9F}"
EndProject
Project("{8BC9CEB8-8B4A-11D0-8D11-00A0C91BC942}") = "amplitude", "amplitude\amplitude.vcxproj", "{57DBA8C7-2BBF-44CA-8189-600F90DC29DD}"
EndProject
Project("{8BC9CEB8-8B4A-11D0-8D11-00A0C91BC942}") = "external", "external.vcxproj", "{B679FDA2-CB76-4348-906B-4CAA294195FD}"
EndProject
Project("{8BC9CEB8-8B4A-11D0-8D11-00A0C91BC942}") = "doomclassic", "..\doomclassic\doomclassic.vcxproj", "{D87ADC61-3968-4A89-824F-01365AB6BD88}"
EndProject
Project("{2150E333-8FDC-42A3-9474-1A3956D46DE8}") = "renderprogs", "renderprogs", "{9FD33B76-9E39-409D-97A9-F8C0166ACFC6}"
	ProjectSection(SolutionItems) = preProject
		..\base\renderprogs\bink.pixel = ..\base\renderprogs\bink.pixel
		..\base\renderprogs\bink.vertex = ..\base\renderprogs\bink.vertex
		..\base\renderprogs\bink_gui.pixel = ..\base\renderprogs\bink_gui.pixel
		..\base\renderprogs\bink_gui.vertex = ..\base\renderprogs\bink_gui.vertex
		..\base\renderprogs\blendLight.pixel = ..\base\renderprogs\blendLight.pixel
		..\base\renderprogs\blendLight.vertex = ..\base\renderprogs\blendLight.vertex
		..\base\renderprogs\bloodorb1_capture.pixel = ..\base\renderprogs\bloodorb1_capture.pixel
		..\base\renderprogs\bloodorb1_capture.vertex = ..\base\renderprogs\bloodorb1_capture.vertex
		..\base\renderprogs\bloodorb2_capture.pixel = ..\base\renderprogs\bloodorb2_capture.pixel
		..\base\renderprogs\bloodorb2_capture.vertex = ..\base\renderprogs\bloodorb2_capture.vertex
		..\base\renderprogs\bloodorb3_capture.pixel = ..\base\renderprogs\bloodorb3_capture.pixel
		..\base\renderprogs\bloodorb3_capture.vertex = ..\base\renderprogs\bloodorb3_capture.vertex
		..\base\renderprogs\bloodorb_draw.pixel = ..\base\renderprogs\bloodorb_draw.pixel
		..\base\renderprogs\bloodorb_draw.vertex = ..\base\renderprogs\bloodorb_draw.vertex
		..\base\renderprogs\bumpyenvironment.pixel = ..\base\renderprogs\bumpyenvironment.pixel
		..\base\renderprogs\bumpyenvironment.vertex = ..\base\renderprogs\bumpyenvironment.vertex
		..\base\renderprogs\bumpyenvironment_skinned.pixel = ..\base\renderprogs\bumpyenvironment_skinned.pixel
		..\base\renderprogs\bumpyenvironment_skinned.vertex = ..\base\renderprogs\bumpyenvironment_skinned.vertex
		..\base\renderprogs\color.pixel = ..\base\renderprogs\color.pixel
		..\base\renderprogs\color.vertex = ..\base\renderprogs\color.vertex
		..\base\renderprogs\colorProcess.pixel = ..\base\renderprogs\colorProcess.pixel
		..\base\renderprogs\colorProcess.vertex = ..\base\renderprogs\colorProcess.vertex
		..\base\renderprogs\depth.pixel = ..\base\renderprogs\depth.pixel
		..\base\renderprogs\depth.vertex = ..\base\renderprogs\depth.vertex
		..\base\renderprogs\depth_skinned.pixel = ..\base\renderprogs\depth_skinned.pixel
		..\base\renderprogs\depth_skinned.vertex = ..\base\renderprogs\depth_skinned.vertex
		..\base\renderprogs\environment.pixel = ..\base\renderprogs\environment.pixel
		..\base\renderprogs\environment.vertex = ..\base\renderprogs\environment.vertex
		..\base\renderprogs\environment_skinned.pixel = ..\base\renderprogs\environment_skinned.pixel
		..\base\renderprogs\environment_skinned.vertex = ..\base\renderprogs\environment_skinned.vertex
		..\base\renderprogs\enviroSuit.pixel = ..\base\renderprogs\enviroSuit.pixel
		..\base\renderprogs\enviroSuit.vertex = ..\base\renderprogs\enviroSuit.vertex
		..\base\renderprogs\fog.pixel = ..\base\renderprogs\fog.pixel
		..\base\renderprogs\fog.vertex = ..\base\renderprogs\fog.vertex
		..\base\renderprogs\fog_skinned.pixel = ..\base\renderprogs\fog_skinned.pixel
		..\base\renderprogs\fog_skinned.vertex = ..\base\renderprogs\fog_skinned.vertex
		..\base\renderprogs\fxaa.pixel = ..\base\renderprogs\fxaa.pixel
		..\base\renderprogs\fxaa.vertex = ..\base\renderprogs\fxaa.vertex
		..\base\renderprogs\global.inc = ..\base\renderprogs\global.inc
		..\base\renderprogs\gui.pixel = ..\base\renderprogs\gui.pixel
		..\base\renderprogs\gui.vertex = ..\base\renderprogs\gui.vertex
		..\base\renderprogs\heathaze.pixel = ..\base\renderprogs\heathaze.pixel
		..\base\renderprogs\heathaze.vertex = ..\base\renderprogs\heathaze.vertex
		..\base\renderprogs\heatHazeWithMask.pixel = ..\base\renderprogs\heatHazeWithMask.pixel
		..\base\renderprogs\heatHazeWithMask.vertex = ..\base\renderprogs\heatHazeWithMask.vertex
		..\base\renderprogs\heatHazeWithMaskAndVertex.pixel = ..\base\renderprogs\heatHazeWithMaskAndVertex.pixel
		..\base\renderprogs\heatHazeWithMaskAndVertex.vertex = ..\base\renderprogs\heatHazeWithMaskAndVertex.vertex
		..\base\renderprogs\interaction.pixel = ..\base\renderprogs\interaction.pixel
		..\base\renderprogs\interaction.vertex = ..\base\renderprogs\interaction.vertex
		..\base\renderprogs\interaction_skinned.pixel = ..\base\renderprogs\interaction_skinned.pixel
		..\base\renderprogs\interaction_skinned.vertex = ..\base\renderprogs\interaction_skinned.vertex
		..\base\renderprogs\interactionAmbient.pixel = ..\base\renderprogs\interactionAmbient.pixel
		..\base\renderprogs\interactionAmbient.vertex = ..\base\renderprogs\interactionAmbient.vertex
		..\base\renderprogs\interactionAmbient_skinned.pixel = ..\base\renderprogs\interactionAmbient_skinned.pixel
		..\base\renderprogs\interactionAmbient_skinned.vertex = ..\base\renderprogs\interactionAmbient_skinned.vertex
		..\base\renderprogs\motionBlur.pixel = ..\base\renderprogs\motionBlur.pixel
		..\base\renderprogs\motionBlur.vertex = ..\base\renderprogs\motionBlur.vertex
		..\base\renderprogs\postprocess.pixel = ..\base\renderprogs\postprocess.pixel
		..\base\renderprogs\postprocess.vertex = ..\base\renderprogs\postprocess.vertex
		..\base\renderprogs\shadow.pixel = ..\base\renderprogs\shadow.pixel
		..\base\renderprogs\shadow.vertex = ..\base\renderprogs\shadow.vertex
		..\base\renderprogs\shadow_skinned.pixel = ..\base\renderprogs\shadow_skinned.pixel
		..\base\renderprogs\shadow_skinned.vertex = ..\base\renderprogs\shadow_skinned.vertex
		..\base\renderprogs\shadowDebug.pixel = ..\base\renderprogs\shadowDebug.pixel
		..\base\renderprogs\shadowDebug.vertex = ..\base\renderprogs\shadowDebug.vertex
		..\base\renderprogs\shadowDebug_skinned.pixel = ..\base\renderprogs\shadowDebug_skinned.pixel
		..\base\renderprogs\shadowDebug_skinned.vertex = ..\base\renderprogs\shadowDebug_skinned.vertex
		..\base\renderprogs\simpleshade.pixel = ..\base\renderprogs\simpleshade.pixel
		..\base\renderprogs\simpleshade.vertex = ..\base\renderprogs\simpleshade.vertex
		..\base\renderprogs\skinning.inc = ..\base\renderprogs\skinning.inc
		..\base\renderprogs\skybox.pixel = ..\base\renderprogs\skybox.pixel
		..\base\renderprogs\skybox.vertex = ..\base\renderprogs\skybox.vertex
		..\base\renderprogs\stereoDeGhost.pixel = ..\base\renderprogs\stereoDeGhost.pixel
		..\base\renderprogs\stereoDeGhost.vertex = ..\base\renderprogs\stereoDeGhost.vertex
		..\base\renderprogs\stereoInterlace.pixel = ..\base\renderprogs\stereoInterlace.pixel
		..\base\renderprogs\stereoInterlace.vertex = ..\base\renderprogs\stereoInterlace.vertex
		..\base\renderprogs\stereoWarp.pixel = ..\base\renderprogs\stereoWarp.pixel
		..\base\renderprogs\stereoWarp.vertex = ..\base\renderprogs\stereoWarp.vertex
		..\base\renderprogs\texture.pixel = ..\base\renderprogs\texture.pixel
		..\base\renderprogs\texture.vertex = ..\base\renderprogs\texture.vertex
		..\base\renderprogs\texture_color.pixel = ..\base\renderprogs\texture_color.pixel
		..\base\renderprogs\texture_color.vertex = ..\base\renderprogs\texture_color.vertex
		..\base\renderprogs\texture_color_skinned.pixel = ..\base\renderprogs\texture_color_skinned.pixel
		..\base\renderprogs\texture_color_skinned.vertex = ..\base\renderprogs\texture_color_skinned.vertex
		..\base\renderprogs\texture_color_texgen.pixel = ..\base\renderprogs\texture_color_texgen.pixel
		..\base\renderprogs\texture_color_texgen.vertex = ..\base\renderprogs\texture_color_texgen.vertex
		..\base\renderprogs\wobblesky.pixel = ..\base\renderprogs\wobblesky.pixel
		..\base\renderprogs\wobblesky.vertex = ..\base\renderprogs\wobblesky.vertex
		..\base\renderprogs\zcullReconstruct.pixel = ..\base\renderprogs\zcullReconstruct.pixel
		..\base\renderprogs\zcullReconstruct.vertex = ..\base\renderprogs\zcullReconstruct.vertex
	EndProjectSection
EndProject
Global
	GlobalSection(SolutionConfigurationPlatforms) = preSolution
		Debug|Win32 = Debug|Win32
		Release|Win32 = Release|Win32
		Retail|Win32 = Retail|Win32
	EndGlobalSection
	GlobalSection(ProjectConfigurationPlatforms) = postSolution
		{49BEC5C6-B964-417A-851E-808886B57400}.Debug|Win32.ActiveCfg = Debug|Win32
		{49BEC5C6-B964-417A-851E-808886B57400}.Debug|Win32.Build.0 = Debug|Win32
		{49BEC5C6-B964-417A-851E-808886B57400}.Release|Win32.ActiveCfg = Release|Win32
		{49BEC5C6-B964-417A-851E-808886B57400}.Release|Win32.Build.0 = Release|Win32
		{49BEC5C6-B964-417A-851E-808886B57400}.Retail|Win32.ActiveCfg = Retail|Win32
		{49BEC5C6-B964-417A-851E-808886B57400}.Retail|Win32.Build.0 = Retail|Win32
		{49BEC5C6-B964-417A-851E-808886B57420}.Debug|Win32.ActiveCfg = Debug|Win32
		{49BEC5C6-B964-417A-851E-808886B57420}.Debug|Win32.Build.0 = Debug|Win32
		{49BEC5C6-B964-417A-851E-808886B57420}.Release|Win32.ActiveCfg = Release|Win32
		{49BEC5C6-B964-417A-851E-808886B57420}.Release|Win32.Build.0 = Release|Win32
		{49BEC5C6-B964-417A-851E-808886B57420}.Retail|Win32.ActiveCfg = Retail|Win32
		{49BEC5C6-B964-417A-851E-808886B57420}.Retail|Win32.Build.0 = Retail|Win32
		{0BC6FCC9-C65E-4B1F-9A58-0B9399987C9F}.Debug|Win32.ActiveCfg = Debug|Win32
		{0BC6FCC9-C65E-4B1F-9A58-0B9399987C9F}.Debug|Win32.Build.0 = Debug|Win32
		{0BC6FCC9-C65E-4B1F-9A58-0B9399987C9F}.Release|Win32.ActiveCfg = Release|Win32
		{0BC6FCC9-C65E-4B1F-9A58-0B9399987C9F}.Release|Win32.Build.0 = Release|Win32
		{0BC6FCC9-C65E-4B1F-9A58-0B9399987C9F}.Retail|Win32.ActiveCfg = Retail|Win32
		{0BC6FCC9-C65E-4B1F-9A58-0B9399987C9F}.Retail|Win32.Build.0 = Retail|Win32
		{57DBA8C7-2BBF-44CA-8189-600F90DC29DD}.Debug|Win32.ActiveCfg = Debug|Win32
		{57DBA8C7-2BBF-44CA-8189-600F90DC29DD}.Debug|Win32.Build.0 = Debug|Win32
		{57DBA8C7-2BBF-44CA-8189-600F90DC29DD}.Release|Win32.ActiveCfg = Release|Win32
		{57DBA8C7-2BBF-44CA-8189-600F90DC29DD}.Release|Win32.Build.0 = Release|Win32
		{57DBA8C7-2BBF-44CA-8189-600F90DC29DD}.Retail|Win32.ActiveCfg = Retail|Win32
		{57DBA8C7-2BBF-44CA-8189-600F90DC29DD}.Retail|Win32.Build.0 = Retail|Win32
		{B679FDA2-CB76-4348-906B-4CAA294195FD}.Debug|Win32.ActiveCfg = Debug|Win32
		{B679FDA2-CB76-4348-906B-4CAA294195FD}.Debug|Win32.Build.0 = Debug|Win32
		{B679FDA2-CB76-4348-906B-4CAA294195FD}.Release|Win32.ActiveCfg = Release|Win32
		{B679FDA2-CB76-4348-906B-4CAA294195FD}.Release|Win32.Build.0 = Release|Win32
		{B679FDA2-CB76-4348-906B-4CAA294195FD}.Retail|Win32.ActiveCfg = Retail|Win32
		{B679FDA2-CB76-4348-906B-4CAA294195FD}.Retail|Win32.Build.0 = Retail|Win32
		{D87ADC61-3968-4A89-824F-01365AB6BD88}.Debug|Win32.ActiveCfg = Debug|Win32
		{D87ADC61-3968-4A89-824F-01365AB6BD88}.Debug|Win32.Build.0 = Debug|Win32
		{D87ADC61-3968-4A89-824F-01365AB6BD88}.Release|Win32.ActiveCfg = Release|Win32
		{D87ADC61-3968-4A89-824F-01365AB6BD88}.Release|Win32.Build.0 = Release|Win32
		{D87ADC61-3968-4A89-824F-01365AB6BD88}.Retail|Win32.ActiveCfg = Release|Win32
		{D87ADC61-3968-4A89-824F-01365AB6BD88}.Retail|Win32.Build.0 = Release|Win32
	EndGlobalSection
	GlobalSection(SolutionProperties) = preSolution
		HideSolutionNode = FALSE
	EndGlobalSection
EndGlobal
