<?xml version="1.0" encoding="utf-8"?>
<Project ToolsVersion="4.0" xmlns="http://schemas.microsoft.com/developer/msbuild/2003">
  <ItemGroup>
    <Filter Include="jpeg-9a">
      <UniqueIdentifier>{be59fb10-0a86-4e8d-a0e3-f6029f24da5d}</UniqueIdentifier>
    </Filter>
    <Filter Include="zlib">
      <UniqueIdentifier>{2d5b407e-8075-4eda-b4d1-1327db0580c6}</UniqueIdentifier>
    </Filter>
    <Filter Include="dxerr">
      <UniqueIdentifier>{24f0375b-8658-41ae-a422-dbb7200e589e}</UniqueIdentifier>
    </Filter>
    <Filter Include="glew">
      <UniqueIdentifier>{211b3184-ccb9-44a3-b94a-83db7baa1e1a}</UniqueIdentifier>
    </Filter>
  </ItemGroup>
  <ItemGroup>
    <ClCompile Include="libs\dxerr\dxerr.cpp">
      <Filter>dxerr</Filter>
    </ClCompile>
    <ClCompile Include="libs\glew\glew.c">
      <Filter>glew</Filter>
    </ClCompile>
    <ClCompile Include="libs\jpeg-9a\jaricom.c">
      <Filter>jpeg-9a</Filter>
    </ClCompile>
    <ClCompile Include="libs\jpeg-9a\jcapimin.c">
      <Filter>jpeg-9a</Filter>
    </ClCompile>
    <ClCompile Include="libs\jpeg-9a\jcapistd.c">
      <Filter>jpeg-9a</Filter>
    </ClCompile>
    <ClCompile Include="libs\jpeg-9a\jcarith.c">
      <Filter>jpeg-9a</Filter>
    </ClCompile>
    <ClCompile Include="libs\jpeg-9a\jccoefct.c">
      <Filter>jpeg-9a</Filter>
    </ClCompile>
    <ClCompile Include="libs\jpeg-9a\jccolor.c">
      <Filter>jpeg-9a</Filter>
    </ClCompile>
    <ClCompile Include="libs\jpeg-9a\jcdctmgr.c">
      <Filter>jpeg-9a</Filter>
    </ClCompile>
    <ClCompile Include="libs\jpeg-9a\jchuff.c">
      <Filter>jpeg-9a</Filter>
    </ClCompile>
    <ClCompile Include="libs\jpeg-9a\jcinit.c">
      <Filter>jpeg-9a</Filter>
    </ClCompile>
    <ClCompile Include="libs\jpeg-9a\jcmainct.c">
      <Filter>jpeg-9a</Filter>
    </ClCompile>
    <ClCompile Include="libs\jpeg-9a\jcmarker.c">
      <Filter>jpeg-9a</Filter>
    </ClCompile>
    <ClCompile Include="libs\jpeg-9a\jcmaster.c">
      <Filter>jpeg-9a</Filter>
    </ClCompile>
    <ClCompile Include="libs\jpeg-9a\jcomapi.c">
      <Filter>jpeg-9a</Filter>
    </ClCompile>
    <ClCompile Include="libs\jpeg-9a\jcparam.c">
      <Filter>jpeg-9a</Filter>
    </ClCompile>
    <ClCompile Include="libs\jpeg-9a\jcprepct.c">
      <Filter>jpeg-9a</Filter>
    </ClCompile>
    <ClCompile Include="libs\jpeg-9a\jcsample.c">
      <Filter>jpeg-9a</Filter>
    </ClCompile>
    <ClCompile Include="libs\jpeg-9a\jctrans.c">
      <Filter>jpeg-9a</Filter>
    </ClCompile>
    <ClCompile Include="libs\jpeg-9a\jdapimin.c">
      <Filter>jpeg-9a</Filter>
    </ClCompile>
    <ClCompile Include="libs\jpeg-9a\jdapistd.c">
      <Filter>jpeg-9a</Filter>
    </ClCompile>
    <ClCompile Include="libs\jpeg-9a\jdarith.c">
      <Filter>jpeg-9a</Filter>
    </ClCompile>
    <ClCompile Include="libs\jpeg-9a\jdatadst.c">
      <Filter>jpeg-9a</Filter>
    </ClCompile>
    <ClCompile Include="libs\jpeg-9a\jdatasrc.c">
      <Filter>jpeg-9a</Filter>
    </ClCompile>
    <ClCompile Include="libs\jpeg-9a\jdcoefct.c">
      <Filter>jpeg-9a</Filter>
    </ClCompile>
    <ClCompile Include="libs\jpeg-9a\jdcolor.c">
      <Filter>jpeg-9a</Filter>
    </ClCompile>
    <ClCompile Include="libs\jpeg-9a\jddctmgr.c">
      <Filter>jpeg-9a</Filter>
    </ClCompile>
    <ClCompile Include="libs\jpeg-9a\jdhuff.c">
      <Filter>jpeg-9a</Filter>
    </ClCompile>
    <ClCompile Include="libs\jpeg-9a\jdinput.c">
      <Filter>jpeg-9a</Filter>
    </ClCompile>
    <ClCompile Include="libs\jpeg-9a\jdmainct.c">
      <Filter>jpeg-9a</Filter>
    </ClCompile>
    <ClCompile Include="libs\jpeg-9a\jdmarker.c">
      <Filter>jpeg-9a</Filter>
    </ClCompile>
    <ClCompile Include="libs\jpeg-9a\jdmaster.c">
      <Filter>jpeg-9a</Filter>
    </ClCompile>
    <ClCompile Include="libs\jpeg-9a\jdmerge.c">
      <Filter>jpeg-9a</Filter>
    </ClCompile>
    <ClCompile Include="libs\jpeg-9a\jdpostct.c">
      <Filter>jpeg-9a</Filter>
    </ClCompile>
    <ClCompile Include="libs\jpeg-9a\jdsample.c">
      <Filter>jpeg-9a</Filter>
    </ClCompile>
    <ClCompile Include="libs\jpeg-9a\jdtrans.c">
      <Filter>jpeg-9a</Filter>
    </ClCompile>
    <ClCompile Include="libs\jpeg-9a\jerror.c">
      <Filter>jpeg-9a</Filter>
    </ClCompile>
    <ClCompile Include="libs\jpeg-9a\jfdctflt.c">
      <Filter>jpeg-9a</Filter>
    </ClCompile>
    <ClCompile Include="libs\jpeg-9a\jfdctfst.c">
      <Filter>jpeg-9a</Filter>
    </ClCompile>
    <ClCompile Include="libs\jpeg-9a\jfdctint.c">
      <Filter>jpeg-9a</Filter>
    </ClCompile>
    <ClCompile Include="libs\jpeg-9a\jidctflt.c">
      <Filter>jpeg-9a</Filter>
    </ClCompile>
    <ClCompile Include="libs\jpeg-9a\jidctfst.c">
      <Filter>jpeg-9a</Filter>
    </ClCompile>
    <ClCompile Include="libs\jpeg-9a\jidctint.c">
      <Filter>jpeg-9a</Filter>
    </ClCompile>
    <ClCompile Include="libs\jpeg-9a\jmemansi.c">
      <Filter>jpeg-9a</Filter>
    </ClCompile>
    <ClCompile Include="libs\jpeg-9a\jmemmgr.c">
      <Filter>jpeg-9a</Filter>
    </ClCompile>
    <ClCompile Include="libs\jpeg-9a\jquant1.c">
      <Filter>jpeg-9a</Filter>
    </ClCompile>
    <ClCompile Include="libs\jpeg-9a\jquant2.c">
      <Filter>jpeg-9a</Filter>
    </ClCompile>
    <ClCompile Include="libs\jpeg-9a\jutils.c">
      <Filter>jpeg-9a</Filter>
    </ClCompile>
    <ClCompile Include="libs\jpeg-9a\transupp.c">
      <Filter>jpeg-9a</Filter>
    </ClCompile>
    <ClCompile Include="libs\zlib\adler32.c">
      <Filter>zlib</Filter>
    </ClCompile>
    <ClCompile Include="libs\zlib\compress.c">
      <Filter>zlib</Filter>
    </ClCompile>
    <ClCompile Include="libs\zlib\crc32.c">
      <Filter>zlib</Filter>
    </ClCompile>
    <ClCompile Include="libs\zlib\deflate.c">
      <Filter>zlib</Filter>
    </ClCompile>
    <ClCompile Include="libs\zlib\gzclose.c">
      <Filter>zlib</Filter>
    </ClCompile>
    <ClCompile Include="libs\zlib\gzlib.c">
      <Filter>zlib</Filter>
    </ClCompile>
    <ClCompile Include="libs\zlib\gzread.c">
      <Filter>zlib</Filter>
    </ClCompile>
    <ClCompile Include="libs\zlib\gzwrite.c">
      <Filter>zlib</Filter>
    </ClCompile>
    <ClCompile Include="libs\zlib\infback.c">
      <Filter>zlib</Filter>
    </ClCompile>
    <ClCompile Include="libs\zlib\inffast.c">
      <Filter>zlib</Filter>
    </ClCompile>
    <ClCompile Include="libs\zlib\inflate.c">
      <Filter>zlib</Filter>
    </ClCompile>
    <ClCompile Include="libs\zlib\inftrees.c">
      <Filter>zlib</Filter>
    </ClCompile>
    <ClCompile Include="libs\zlib\trees.c">
      <Filter>zlib</Filter>
    </ClCompile>
    <ClCompile Include="libs\zlib\uncompr.c">
      <Filter>zlib</Filter>
    </ClCompile>
    <ClCompile Include="libs\zlib\zutil.c">
      <Filter>zlib</Filter>
    </ClCompile>
  </ItemGroup>
  <ItemGroup>
    <ClInclude Include="libs\dxerr\dxerr.h">
      <Filter>dxerr</Filter>
    </ClInclude>
    <ClInclude Include="libs\jpeg-9a\cderror.h">
      <Filter>jpeg-9a</Filter>
    </ClInclude>
    <ClInclude Include="libs\jpeg-9a\jdct.h">
      <Filter>jpeg-9a</Filter>
    </ClInclude>
    <ClInclude Include="libs\jpeg-9a\jerror.h">
      <Filter>jpeg-9a</Filter>
    </ClInclude>
    <ClInclude Include="libs\jpeg-9a\jinclude.h">
      <Filter>jpeg-9a</Filter>
    </ClInclude>
    <ClInclude Include="libs\jpeg-9a\jmemsys.h">
      <Filter>jpeg-9a</Filter>
    </ClInclude>
    <ClInclude Include="libs\jpeg-9a\jmorecfg.h">
      <Filter>jpeg-9a</Filter>
    </ClInclude>
    <ClInclude Include="libs\jpeg-9a\jpegint.h">
      <Filter>jpeg-9a</Filter>
    </ClInclude>
    <ClInclude Include="libs\jpeg-9a\jpeglib.h">
      <Filter>jpeg-9a</Filter>
    </ClInclude>
    <ClInclude Include="libs\jpeg-9a\jversion.h">
      <Filter>jpeg-9a</Filter>
    </ClInclude>
    <ClInclude Include="libs\jpeg-9a\transupp.h">
      <Filter>jpeg-9a</Filter>
    </ClInclude>
    <ClInclude Include="libs\jpeg-9a\jconfig.h">
      <Filter>jpeg-9a</Filter>
    </ClInclude>
    <ClInclude Include="libs\zlib\crc32.h">
      <Filter>zlib</Filter>
    </ClInclude>
    <ClInclude Include="libs\zlib\deflate.h">
      <Filter>zlib</Filter>
    </ClInclude>
    <ClInclude Include="libs\zlib\gzguts.h">
      <Filter>zlib</Filter>
    </ClInclude>
    <ClInclude Include="libs\zlib\inffast.h">
      <Filter>zlib</Filter>
    </ClInclude>
    <ClInclude Include="libs\zlib\inffixed.h">
      <Filter>zlib</Filter>
    </ClInclude>
    <ClInclude Include="libs\zlib\inflate.h">
      <Filter>zlib</Filter>
    </ClInclude>
    <ClInclude Include="libs\zlib\inftrees.h">
      <Filter>zlib</Filter>
    </ClInclude>
    <ClInclude Include="libs\zlib\trees.h">
      <Filter>zlib</Filter>
    </ClInclude>
    <ClInclude Include="libs\zlib\zconf.h">
      <Filter>zlib</Filter>
    </ClInclude>
    <ClInclude Include="libs\zlib\zlib.h">
      <Filter>zlib</Filter>
    </ClInclude>
    <ClInclude Include="libs\zlib\zutil.h">
      <Filter>zlib</Filter>
    </ClInclude>
  </ItemGroup>
</Project>